<?xml version="1.0" encoding="utf-8"?>
<Project ToolsVersion="4.0" xmlns="http://schemas.microsoft.com/developer/msbuild/2003">
  <ItemGroup>
    <Filter Include="Source Files">
      <UniqueIdentifier>{4FC737F1-C7A5-4376-A066-2A32D752A2FF}</UniqueIdentifier>
      <Extensions>cpp;c;cc;cxx;c++;cppm;ixx;def;odl;idl;hpj;bat;asm;asmx</Extensions>
    </Filter>
    <Filter Include="Header Files">
      <UniqueIdentifier>{93995380-89BD-4b04-88EB-625FBE52EBFB}</UniqueIdentifier>
      <Extensions>h;hh;hpp;hxx;h++;hm;inl;inc;ipp;xsd</Extensions>
    </Filter>
    <Filter Include="Resource Files">
      <UniqueIdentifier>{67DA6AB6-F800-4c08-8B7A-83BB121AAD01}</UniqueIdentifier>
      <Extensions>rc;ico;cur;bmp;dlg;rc2;rct;bin;rgs;gif;jpg;jpeg;jpe;resx;tiff;tif;png;wav;mfcribbon-ms</Extensions>
    </Filter>
    <Filter Include="Header Files\Utils">
      <UniqueIdentifier>{966afbdc-a24d-4168-9a37-e409161d3d34}</UniqueIdentifier>
    </Filter>
    <Filter Include="Header Files\Constants">
      <UniqueIdentifier>{e90e8dba-0760-42c7-a23d-36c8d2bba996}</UniqueIdentifier>
    </Filter>
    <Filter Include="Header Files\Objects">
      <UniqueIdentifier>{0eceda76-c08e-4f0c-850e-d2badd67a540}</UniqueIdentifier>
    </Filter>
    <Filter Include="Header Files\Animations">
      <UniqueIdentifier>{d3ea588f-4e88-402b-bfeb-07d033b4823b}</UniqueIdentifier>
    </Filter>
    <Filter Include="Source Files\Animations">
      <UniqueIdentifier>{352be565-829b-4497-ba34-dada9e64afd9}</UniqueIdentifier>
    </Filter>
    <Filter Include="Source Files\Constants">
      <UniqueIdentifier>{2c4d9b43-d126-4886-8945-b9126b3d5e9b}</UniqueIdentifier>
    </Filter>
    <Filter Include="Source Files\Objects">
      <UniqueIdentifier>{91eb4cf9-e47e-4b97-9fb5-d8f481805ec5}</UniqueIdentifier>
    </Filter>
    <Filter Include="Source Files\Utils">
      <UniqueIdentifier>{2e1b9b36-1323-47dc-b491-183af5288f2c}</UniqueIdentifier>
    </Filter>
    <Filter Include="Header Files\Graphics">
      <UniqueIdentifier>{763f5483-3647-4b20-8584-d78cb412de8d}</UniqueIdentifier>
    </Filter>
    <Filter Include="Source Files\Graphics">
      <UniqueIdentifier>{0d65ad00-cb80-479d-81c3-49f88211d0d5}</UniqueIdentifier>
    </Filter>
    <Filter Include="Header Files\Objects\Maps">
      <UniqueIdentifier>{5b791892-e73c-48c4-8bbc-972cd704a35e}</UniqueIdentifier>
    </Filter>
    <Filter Include="Source Files\Objects\Maps">
      <UniqueIdentifier>{954ef45f-bc1e-4ed9-b137-2da8eece2f1c}</UniqueIdentifier>
    </Filter>
    <Filter Include="Source Files\Objects\Vehicles">
      <UniqueIdentifier>{b606ed3d-9eba-4c5b-9912-e83f176ad8c4}</UniqueIdentifier>
    </Filter>
    <Filter Include="Source Files\Objects\Lanes">
      <UniqueIdentifier>{9f67c3b2-9fbc-4ffc-aad2-496705873f7b}</UniqueIdentifier>
    </Filter>
    <Filter Include="Source Files\Objects\Players">
      <UniqueIdentifier>{a2b71c74-67bb-41ff-a63b-93a5dd087165}</UniqueIdentifier>
    </Filter>
    <Filter Include="Header Files\Objects\Players">
      <UniqueIdentifier>{66fb84e3-191b-4dc4-ab85-f3bd3f156f6e}</UniqueIdentifier>
    </Filter>
    <Filter Include="Header Files\Objects\Lanes">
      <UniqueIdentifier>{cd80be8d-db2a-4de8-912c-f72a00817cb9}</UniqueIdentifier>
    </Filter>
    <Filter Include="Header Files\Objects\Vehicles">
      <UniqueIdentifier>{645d3d8b-bbf0-424b-8f34-0f1da1944471}</UniqueIdentifier>
    </Filter>
    <Filter Include="Header Files\Objects\Obstacle">
      <UniqueIdentifier>{3391ed9b-c672-4c1d-aa9d-2a57b0e87c6d}</UniqueIdentifier>
    </Filter>
    <Filter Include="Source Files\Objects\Obstacle">
      <UniqueIdentifier>{12f28759-5831-4b31-a0ec-118c03cf98f3}</UniqueIdentifier>
    </Filter>
  </ItemGroup>
  <ItemGroup>
    <ClCompile Include="GameEngine.cpp">
      <Filter>Source Files\Utils</Filter>
    </ClCompile>
    <ClCompile Include="GameObject.cpp">
      <Filter>Source Files\Objects</Filter>
    </ClCompile>
    <ClCompile Include="Graphic.cpp">
      <Filter>Source Files\Graphics</Filter>
    </ClCompile>
    <ClCompile Include="Color.cpp">
      <Filter>Source Files\Constants</Filter>
    </ClCompile>
    <ClCompile Include="InputHandle.cpp">
      <Filter>Source Files\Utils</Filter>
    </ClCompile>
    <ClCompile Include="main.cpp">
      <Filter>Source Files</Filter>
    </ClCompile>
    <ClCompile Include="GamePlayer.cpp">
      <Filter>Source Files\Objects\Players</Filter>
    </ClCompile>
    <ClCompile Include="GameMap.cpp">
      <Filter>Source Files\Objects\Maps</Filter>
    </ClCompile>
    <ClCompile Include="StreetMap.cpp">
      <Filter>Source Files\Objects\Maps</Filter>
    </ClCompile>
    <ClCompile Include="CrossingRoad.cpp">
      <Filter>Source Files\Utils</Filter>
    </ClCompile>
    <ClCompile Include="Lane.cpp">
      <Filter>Source Files\Objects\Lanes</Filter>
    </ClCompile>
    <ClCompile Include="Tree.cpp">
      <Filter>Source Files\Objects\Obstacle</Filter>
    </ClCompile>
  </ItemGroup>
  <ItemGroup>
    <ClInclude Include="GameEngine.h">
      <Filter>Header Files\Utils</Filter>
    </ClInclude>
    <ClInclude Include="Colors.h">
      <Filter>Header Files\Constants</Filter>
    </ClInclude>
    <ClInclude Include="TextStrings.h">
      <Filter>Header Files\Constants</Filter>
    </ClInclude>
    <ClInclude Include="Alignment.h">
      <Filter>Header Files\Utils</Filter>
    </ClInclude>
    <ClInclude Include="Values.h">
      <Filter>Header Files\Constants</Filter>
    </ClInclude>
    <ClInclude Include="GameObject.h">
      <Filter>Header Files\Objects</Filter>
    </ClInclude>
    <ClInclude Include="Graphic.h">
      <Filter>Header Files\Graphics</Filter>
    </ClInclude>
    <ClInclude Include="TileObject.h">
      <Filter>Header Files\Objects</Filter>
    </ClInclude>
    <ClInclude Include="InputHandle.h">
      <Filter>Header Files\Utils</Filter>
    </ClInclude>
    <ClInclude Include="GamePlayer.h">
      <Filter>Header Files\Objects\Players</Filter>
    </ClInclude>
    <ClInclude Include="GameMap.h">
      <Filter>Header Files\Objects\Maps</Filter>
    </ClInclude>
    <ClInclude Include="StreetMap.h">
      <Filter>Header Files\Objects\Maps</Filter>
    </ClInclude>
    <ClInclude Include="CrossingRoad.h">
      <Filter>Header Files\Utils</Filter>
    </ClInclude>
    <ClInclude Include="Lane.h">
      <Filter>Header Files\Objects\Lanes</Filter>
    </ClInclude>
    <ClInclude Include="Tree.h">
      <Filter>Header Files\Objects\Obstacle</Filter>
    </ClInclude>
  </ItemGroup>
</Project>